
Microsoft Visual Studio Solution File, Format Version 12.00
Project("{FAE04EC0-301F-11D3-BF4B-00C04F79EFBC}") = "LibDepotDownloader", "LibDepotDownloader\LibDepotDownloader.csproj", "{146E326B-5F8E-4B7A-91E3-8C7AA2B03374}"
EndProject
Global
	GlobalSection(SolutionConfigurationPlatforms) = preSolution
		Debug|Any CPU = Debug|Any CPU
		Release|Any CPU = Release|Any CPU
	EndGlobalSection
	GlobalSection(ProjectConfigurationPlatforms) = postSolution
		{146E326B-5F8E-4B7A-91E3-8C7AA2B03374}.Debug|Any CPU.ActiveCfg = Debug|Any CPU
		{146E326B-5F8E-4B7A-91E3-8C7AA2B03374}.Debug|Any CPU.Build.0 = Debug|Any CPU
		{146E326B-5F8E-4B7A-91E3-8C7AA2B03374}.Release|Any CPU.ActiveCfg = Release|Any CPU
		{146E326B-5F8E-4B7A-91E3-8C7AA2B03374}.Release|Any CPU.Build.0 = Release|Any CPU
	EndGlobalSection
EndGlobal
